// !$*UTF8*$!
{
	archiveVersion = 1;
	classes = {
	};
	objectVersion = 55;
	objects = {

/* Begin PBXBuildFile section */
		6A2C03A0284CE93500BA6C8A /* RiveAnimationsApp.swift in Sources */ = {isa = PBXBuildFile; fileRef = 6A2C039F284CE93500BA6C8A /* RiveAnimationsApp.swift */; };
		6A2C03A2284CE93500BA6C8A /* ContentView.swift in Sources */ = {isa = PBXBuildFile; fileRef = 6A2C03A1284CE93500BA6C8A /* ContentView.swift */; };
		6A2C03A4284CE93600BA6C8A /* Assets.xcassets in Resources */ = {isa = PBXBuildFile; fileRef = 6A2C03A3284CE93600BA6C8A /* Assets.xcassets */; };
		6A2C03A7284CE93600BA6C8A /* Preview Assets.xcassets in Resources */ = {isa = PBXBuildFile; fileRef = 6A2C03A6284CE93600BA6C8A /* Preview Assets.xcassets */; };
		6A2C03B5284CE9A600BA6C8A /* house.riv in Resources */ = {isa = PBXBuildFile; fileRef = 6A2C03AE284CE9A600BA6C8A /* house.riv */; };
		6A2C03B6284CE9A600BA6C8A /* confetti.riv in Resources */ = {isa = PBXBuildFile; fileRef = 6A2C03AF284CE9A600BA6C8A /* confetti.riv */; };
		6A2C03B7284CE9A600BA6C8A /* check.riv in Resources */ = {isa = PBXBuildFile; fileRef = 6A2C03B0284CE9A600BA6C8A /* check.riv */; };
		6A2C03B8284CE9A600BA6C8A /* menu_button.riv in Resources */ = {isa = PBXBuildFile; fileRef = 6A2C03B1284CE9A600BA6C8A /* menu_button.riv */; };
		6A2C03B9284CE9A600BA6C8A /* shapes.riv in Resources */ = {isa = PBXBuildFile; fileRef = 6A2C03B2284CE9A600BA6C8A /* shapes.riv */; };
		6A2C03BA284CE9A600BA6C8A /* button.riv in Resources */ = {isa = PBXBuildFile; fileRef = 6A2C03B3284CE9A600BA6C8A /* button.riv */; };
		6A2C03BB284CE9A600BA6C8A /* icons.riv in Resources */ = {isa = PBXBuildFile; fileRef = 6A2C03B4284CE9A600BA6C8A /* icons.riv */; };
		6A2C03BE284CEA3200BA6C8A /* RiveRuntime in Frameworks */ = {isa = PBXBuildFile; productRef = 6A2C03BD284CEA3200BA6C8A /* RiveRuntime */; };
		6A2C03C0284CEA4700BA6C8A /* OnboardingView.swift in Sources */ = {isa = PBXBuildFile; fileRef = 6A2C03BF284CEA4700BA6C8A /* OnboardingView.swift */; };
		6A2C03C3284CFA8700BA6C8A /* posp.riv in Resources */ = {isa = PBXBuildFile; fileRef = 6A2C03C2284CFA8700BA6C8A /* posp.riv */; };
		6A2C03C5284CFBBC00BA6C8A /* popLoop.riv in Resources */ = {isa = PBXBuildFile; fileRef = 6A2C03C4284CFBBC00BA6C8A /* popLoop.riv */; };
		6A2C03CA284D03F700BA6C8A /* Inter-Regular.ttf in Resources */ = {isa = PBXBuildFile; fileRef = 6A2C03C7284D03F700BA6C8A /* Inter-Regular.ttf */; };
		6A2C03CB284D03F700BA6C8A /* Poppins-Bold.ttf in Resources */ = {isa = PBXBuildFile; fileRef = 6A2C03C8284D03F700BA6C8A /* Poppins-Bold.ttf */; };
		6A2C03CC284D03F700BA6C8A /* Inter-SemiBold.ttf in Resources */ = {isa = PBXBuildFile; fileRef = 6A2C03C9284D03F700BA6C8A /* Inter-SemiBold.ttf */; };
		6A2C03CF284D059100BA6C8A /* CustomFont.swift in Sources */ = {isa = PBXBuildFile; fileRef = 6A2C03CE284D059100BA6C8A /* CustomFont.swift */; };
		6A2C03D1284D0C0700BA6C8A /* SigninView.swift in Sources */ = {isa = PBXBuildFile; fileRef = 6A2C03D0284D0C0600BA6C8A /* SigninView.swift */; };
		6A2C03D3284DD8DF00BA6C8A /* CustomTextField.swift in Sources */ = {isa = PBXBuildFile; fileRef = 6A2C03D2284DD8DF00BA6C8A /* CustomTextField.swift */; };
		6A2C03D5284DDB6300BA6C8A /* Extensions.swift in Sources */ = {isa = PBXBuildFile; fileRef = 6A2C03D4284DDB6200BA6C8A /* Extensions.swift */; };
		6A2C03D9284E5B8900BA6C8A /* TabBar.swift in Sources */ = {isa = PBXBuildFile; fileRef = 6A2C03D8284E5B8900BA6C8A /* TabBar.swift */; };
		6A2C03DD284F2CE100BA6C8A /* CourseSection.swift in Sources */ = {isa = PBXBuildFile; fileRef = 6A2C03DB284F2CE100BA6C8A /* CourseSection.swift */; };
		6A2C03DE284F2CE100BA6C8A /* Course.swift in Sources */ = {isa = PBXBuildFile; fileRef = 6A2C03DC284F2CE100BA6C8A /* Course.swift */; };
		6A2C03E0284F2D1F00BA6C8A /* VCard.swift in Sources */ = {isa = PBXBuildFile; fileRef = 6A2C03DF284F2D1F00BA6C8A /* VCard.swift */; };
		6A2C03E2284F31AA00BA6C8A /* HCard.swift in Sources */ = {isa = PBXBuildFile; fileRef = 6A2C03E1284F31AA00BA6C8A /* HCard.swift */; };
		6A2C03E4284F32CC00BA6C8A /* HomeView.swift in Sources */ = {isa = PBXBuildFile; fileRef = 6A2C03E3284F32CC00BA6C8A /* HomeView.swift */; };
		6AA8151F284FAEB8008BAF06 /* MenuRow.swift in Sources */ = {isa = PBXBuildFile; fileRef = 6AA8151E284FAEB8008BAF06 /* MenuRow.swift */; };
		6AF4CA0A284F36A90006FDCB /* SideMenu.swift in Sources */ = {isa = PBXBuildFile; fileRef = 6AF4CA09284F36A90006FDCB /* SideMenu.swift */; };
/* End PBXBuildFile section */

/* Begin PBXFileReference section */
		6A2C039C284CE93500BA6C8A /* RiveAnimations.app */ = {isa = PBXFileReference; explicitFileType = wrapper.application; includeInIndex = 0; path = RiveAnimations.app; sourceTree = BUILT_PRODUCTS_DIR; };
		6A2C039F284CE93500BA6C8A /* RiveAnimationsApp.swift */ = {isa = PBXFileReference; lastKnownFileType = sourcecode.swift; path = RiveAnimationsApp.swift; sourceTree = "<group>"; };
		6A2C03A1284CE93500BA6C8A /* ContentView.swift */ = {isa = PBXFileReference; lastKnownFileType = sourcecode.swift; path = ContentView.swift; sourceTree = "<group>"; };
		6A2C03A3284CE93600BA6C8A /* Assets.xcassets */ = {isa = PBXFileReference; lastKnownFileType = folder.assetcatalog; path = Assets.xcassets; sourceTree = "<group>"; };
		6A2C03A6284CE93600BA6C8A /* Preview Assets.xcassets */ = {isa = PBXFileReference; lastKnownFileType = folder.assetcatalog; path = "Preview Assets.xcassets"; sourceTree = "<group>"; };
		6A2C03AE284CE9A600BA6C8A /* house.riv */ = {isa = PBXFileReference; lastKnownFileType = file; path = house.riv; sourceTree = "<group>"; };
		6A2C03AF284CE9A600BA6C8A /* confetti.riv */ = {isa = PBXFileReference; lastKnownFileType = file; path = confetti.riv; sourceTree = "<group>"; };
		6A2C03B0284CE9A600BA6C8A /* check.riv */ = {isa = PBXFileReference; lastKnownFileType = file; path = check.riv; sourceTree = "<group>"; };
		6A2C03B1284CE9A600BA6C8A /* menu_button.riv */ = {isa = PBXFileReference; lastKnownFileType = file; path = menu_button.riv; sourceTree = "<group>"; };
		6A2C03B2284CE9A600BA6C8A /* shapes.riv */ = {isa = PBXFileReference; lastKnownFileType = file; path = shapes.riv; sourceTree = "<group>"; };
		6A2C03B3284CE9A600BA6C8A /* button.riv */ = {isa = PBXFileReference; lastKnownFileType = file; path = button.riv; sourceTree = "<group>"; };
		6A2C03B4284CE9A600BA6C8A /* icons.riv */ = {isa = PBXFileReference; lastKnownFileType = file; path = icons.riv; sourceTree = "<group>"; };
		6A2C03BF284CEA4700BA6C8A /* OnboardingView.swift */ = {isa = PBXFileReference; lastKnownFileType = sourcecode.swift; path = OnboardingView.swift; sourceTree = "<group>"; };
		6A2C03C2284CFA8700BA6C8A /* posp.riv */ = {isa = PBXFileReference; lastKnownFileType = file; path = posp.riv; sourceTree = "<group>"; };
		6A2C03C4284CFBBC00BA6C8A /* popLoop.riv */ = {isa = PBXFileReference; lastKnownFileType = file; path = popLoop.riv; sourceTree = "<group>"; };
		6A2C03C7284D03F700BA6C8A /* Inter-Regular.ttf */ = {isa = PBXFileReference; lastKnownFileType = file; path = "Inter-Regular.ttf"; sourceTree = "<group>"; };
		6A2C03C8284D03F700BA6C8A /* Poppins-Bold.ttf */ = {isa = PBXFileReference; lastKnownFileType = file; path = "Poppins-Bold.ttf"; sourceTree = "<group>"; };
		6A2C03C9284D03F700BA6C8A /* Inter-SemiBold.ttf */ = {isa = PBXFileReference; lastKnownFileType = file; path = "Inter-SemiBold.ttf"; sourceTree = "<group>"; };
		6A2C03CD284D041800BA6C8A /* Info.plist */ = {isa = PBXFileReference; lastKnownFileType = text.plist; path = Info.plist; sourceTree = "<group>"; };
		6A2C03CE284D059100BA6C8A /* CustomFont.swift */ = {isa = PBXFileReference; lastKnownFileType = sourcecode.swift; path = CustomFont.swift; sourceTree = "<group>"; };
		6A2C03D0284D0C0600BA6C8A /* SigninView.swift */ = {isa = PBXFileReference; lastKnownFileType = sourcecode.swift; path = SigninView.swift; sourceTree = "<group>"; };
		6A2C03D2284DD8DF00BA6C8A /* CustomTextField.swift */ = {isa = PBXFileReference; lastKnownFileType = sourcecode.swift; path = CustomTextField.swift; sourceTree = "<group>"; };
		6A2C03D4284DDB6200BA6C8A /* Extensions.swift */ = {isa = PBXFileReference; lastKnownFileType = sourcecode.swift; path = Extensions.swift; sourceTree = "<group>"; };
		6A2C03D8284E5B8900BA6C8A /* TabBar.swift */ = {isa = PBXFileReference; lastKnownFileType = sourcecode.swift; path = TabBar.swift; sourceTree = "<group>"; };
		6A2C03DB284F2CE100BA6C8A /* CourseSection.swift */ = {isa = PBXFileReference; fileEncoding = 4; lastKnownFileType = sourcecode.swift; path = CourseSection.swift; sourceTree = "<group>"; };
		6A2C03DC284F2CE100BA6C8A /* Course.swift */ = {isa = PBXFileReference; fileEncoding = 4; lastKnownFileType = sourcecode.swift; path = Course.swift; sourceTree = "<group>"; };
		6A2C03DF284F2D1F00BA6C8A /* VCard.swift */ = {isa = PBXFileReference; lastKnownFileType = sourcecode.swift; path = VCard.swift; sourceTree = "<group>"; };
		6A2C03E1284F31AA00BA6C8A /* HCard.swift */ = {isa = PBXFileReference; lastKnownFileType = sourcecode.swift; path = HCard.swift; sourceTree = "<group>"; };
		6A2C03E3284F32CC00BA6C8A /* HomeView.swift */ = {isa = PBXFileReference; lastKnownFileType = sourcecode.swift; path = HomeView.swift; sourceTree = "<group>"; };
		6AA8151E284FAEB8008BAF06 /* MenuRow.swift */ = {isa = PBXFileReference; lastKnownFileType = sourcecode.swift; path = MenuRow.swift; sourceTree = "<group>"; };
		6AF4CA09284F36A90006FDCB /* SideMenu.swift */ = {isa = PBXFileReference; lastKnownFileType = sourcecode.swift; path = SideMenu.swift; sourceTree = "<group>"; };
/* End PBXFileReference section */

/* Begin PBXFrameworksBuildPhase section */
		6A2C0399284CE93500BA6C8A /* Frameworks */ = {
			isa = PBXFrameworksBuildPhase;
			buildActionMask = 2147483647;
			files = (
				6A2C03BE284CEA3200BA6C8A /* RiveRuntime in Frameworks */,
			);
			runOnlyForDeploymentPostprocessing = 0;
		};
/* End PBXFrameworksBuildPhase section */

/* Begin PBXGroup section */
		6A2C0393284CE93500BA6C8A = {
			isa = PBXGroup;
			children = (
				6A2C039E284CE93500BA6C8A /* RiveAnimations */,
				6A2C039D284CE93500BA6C8A /* Products */,
			);
			sourceTree = "<group>";
		};
		6A2C039D284CE93500BA6C8A /* Products */ = {
			isa = PBXGroup;
			children = (
				6A2C039C284CE93500BA6C8A /* RiveAnimations.app */,
			);
			name = Products;
			sourceTree = "<group>";
		};
		6A2C039E284CE93500BA6C8A /* RiveAnimations */ = {
			isa = PBXGroup;
			children = (
				6A2C03CD284D041800BA6C8A /* Info.plist */,
				6A2C03D6284E579A00BA6C8A /* Views */,
				6A2C03D7284E57B700BA6C8A /* Styles */,
				6A2C039F284CE93500BA6C8A /* RiveAnimationsApp.swift */,
				6A2C03D8284E5B8900BA6C8A /* TabBar.swift */,
				6A2C03DF284F2D1F00BA6C8A /* VCard.swift */,
				6A2C03E1284F31AA00BA6C8A /* HCard.swift */,
				6A2C03E3284F32CC00BA6C8A /* HomeView.swift */,
				6A2C03A1284CE93500BA6C8A /* ContentView.swift */,
				6AF4CA09284F36A90006FDCB /* SideMenu.swift */,
				6AA8151E284FAEB8008BAF06 /* MenuRow.swift */,
				6A2C03A3284CE93600BA6C8A /* Assets.xcassets */,
				6A2C03DA284F2CE100BA6C8A /* Model */,
				6A2C03C6284D03F700BA6C8A /* Fonts */,
				6A2C03AD284CE9A600BA6C8A /* RiveAssets */,
				6A2C03A5284CE93600BA6C8A /* Preview Content */,
			);
			path = RiveAnimations;
			sourceTree = "<group>";
		};
		6A2C03A5284CE93600BA6C8A /* Preview Content */ = {
			isa = PBXGroup;
			children = (
				6A2C03A6284CE93600BA6C8A /* Preview Assets.xcassets */,
			);
			path = "Preview Content";
			sourceTree = "<group>";
		};
		6A2C03AD284CE9A600BA6C8A /* RiveAssets */ = {
			isa = PBXGroup;
			children = (
				6A2C03C4284CFBBC00BA6C8A /* popLoop.riv */,
				6A2C03C2284CFA8700BA6C8A /* posp.riv */,
				6A2C03AE284CE9A600BA6C8A /* house.riv */,
				6A2C03AF284CE9A600BA6C8A /* confetti.riv */,
				6A2C03B0284CE9A600BA6C8A /* check.riv */,
				6A2C03B1284CE9A600BA6C8A /* menu_button.riv */,
				6A2C03B2284CE9A600BA6C8A /* shapes.riv */,
				6A2C03B3284CE9A600BA6C8A /* button.riv */,
				6A2C03B4284CE9A600BA6C8A /* icons.riv */,
			);
			path = RiveAssets;
			sourceTree = "<group>";
		};
		6A2C03C6284D03F700BA6C8A /* Fonts */ = {
			isa = PBXGroup;
			children = (
				6A2C03C7284D03F700BA6C8A /* Inter-Regular.ttf */,
				6A2C03C8284D03F700BA6C8A /* Poppins-Bold.ttf */,
				6A2C03C9284D03F700BA6C8A /* Inter-SemiBold.ttf */,
			);
			path = Fonts;
			sourceTree = "<group>";
		};
		6A2C03D6284E579A00BA6C8A /* Views */ = {
			isa = PBXGroup;
			children = (
				6A2C03BF284CEA4700BA6C8A /* OnboardingView.swift */,
				6A2C03D0284D0C0600BA6C8A /* SigninView.swift */,
			);
			path = Views;
			sourceTree = "<group>";
		};
		6A2C03D7284E57B700BA6C8A /* Styles */ = {
			isa = PBXGroup;
			children = (
				6A2C03D4284DDB6200BA6C8A /* Extensions.swift */,
				6A2C03D2284DD8DF00BA6C8A /* CustomTextField.swift */,
				6A2C03CE284D059100BA6C8A /* CustomFont.swift */,
			);
			path = Styles;
			sourceTree = "<group>";
		};
		6A2C03DA284F2CE100BA6C8A /* Model */ = {
			isa = PBXGroup;
			children = (
				6A2C03DB284F2CE100BA6C8A /* CourseSection.swift */,
				6A2C03DC284F2CE100BA6C8A /* Course.swift */,
			);
			path = Model;
			sourceTree = "<group>";
		};
/* End PBXGroup section */

/* Begin PBXNativeTarget section */
		6A2C039B284CE93500BA6C8A /* RiveAnimations */ = {
			isa = PBXNativeTarget;
			buildConfigurationList = 6A2C03AA284CE93600BA6C8A /* Build configuration list for PBXNativeTarget "RiveAnimations" */;
			buildPhases = (
				6A2C0398284CE93500BA6C8A /* Sources */,
				6A2C0399284CE93500BA6C8A /* Frameworks */,
				6A2C039A284CE93500BA6C8A /* Resources */,
			);
			buildRules = (
			);
			dependencies = (
			);
			name = RiveAnimations;
			packageProductDependencies = (
				6A2C03BD284CEA3200BA6C8A /* RiveRuntime */,
			);
			productName = RiveAnimations;
			productReference = 6A2C039C284CE93500BA6C8A /* RiveAnimations.app */;
			productType = "com.apple.product-type.application";
		};
/* End PBXNativeTarget section */

/* Begin PBXProject section */
		6A2C0394284CE93500BA6C8A /* Project object */ = {
			isa = PBXProject;
			attributes = {
				BuildIndependentTargetsInParallel = 1;
				LastSwiftUpdateCheck = 1340;
				LastUpgradeCheck = 1340;
				TargetAttributes = {
					6A2C039B284CE93500BA6C8A = {
						CreatedOnToolsVersion = 13.4.1;
					};
				};
			};
			buildConfigurationList = 6A2C0397284CE93500BA6C8A /* Build configuration list for PBXProject "RiveAnimations" */;
			compatibilityVersion = "Xcode 13.0";
			developmentRegion = en;
			hasScannedForEncodings = 0;
			knownRegions = (
				en,
				Base,
			);
			mainGroup = 6A2C0393284CE93500BA6C8A;
			packageReferences = (
				6A2C03BC284CEA3200BA6C8A /* XCRemoteSwiftPackageReference "rive-ios" */,
			);
			productRefGroup = 6A2C039D284CE93500BA6C8A /* Products */;
			projectDirPath = "";
			projectRoot = "";
			targets = (
				6A2C039B284CE93500BA6C8A /* RiveAnimations */,
			);
		};
/* End PBXProject section */

/* Begin PBXResourcesBuildPhase section */
		6A2C039A284CE93500BA6C8A /* Resources */ = {
			isa = PBXResourcesBuildPhase;
			buildActionMask = 2147483647;
			files = (
				6A2C03B9284CE9A600BA6C8A /* shapes.riv in Resources */,
				6A2C03B7284CE9A600BA6C8A /* check.riv in Resources */,
				6A2C03A7284CE93600BA6C8A /* Preview Assets.xcassets in Resources */,
				6A2C03C5284CFBBC00BA6C8A /* popLoop.riv in Resources */,
				6A2C03B8284CE9A600BA6C8A /* menu_button.riv in Resources */,
				6A2C03B5284CE9A600BA6C8A /* house.riv in Resources */,
				6A2C03CC284D03F700BA6C8A /* Inter-SemiBold.ttf in Resources */,
				6A2C03BA284CE9A600BA6C8A /* button.riv in Resources */,
				6A2C03A4284CE93600BA6C8A /* Assets.xcassets in Resources */,
				6A2C03CB284D03F700BA6C8A /* Poppins-Bold.ttf in Resources */,
				6A2C03C3284CFA8700BA6C8A /* posp.riv in Resources */,
				6A2C03B6284CE9A600BA6C8A /* confetti.riv in Resources */,
				6A2C03CA284D03F700BA6C8A /* Inter-Regular.ttf in Resources */,
				6A2C03BB284CE9A600BA6C8A /* icons.riv in Resources */,
			);
			runOnlyForDeploymentPostprocessing = 0;
		};
/* End PBXResourcesBuildPhase section */

/* Begin PBXSourcesBuildPhase section */
		6A2C0398284CE93500BA6C8A /* Sources */ = {
			isa = PBXSourcesBuildPhase;
			buildActionMask = 2147483647;
			files = (
				6A2C03E2284F31AA00BA6C8A /* HCard.swift in Sources */,
				6A2C03C0284CEA4700BA6C8A /* OnboardingView.swift in Sources */,
				6A2C03E4284F32CC00BA6C8A /* HomeView.swift in Sources */,
				6AF4CA0A284F36A90006FDCB /* SideMenu.swift in Sources */,
				6A2C03CF284D059100BA6C8A /* CustomFont.swift in Sources */,
				6A2C03DE284F2CE100BA6C8A /* Course.swift in Sources */,
				6A2C03D3284DD8DF00BA6C8A /* CustomTextField.swift in Sources */,
				6A2C03D9284E5B8900BA6C8A /* TabBar.swift in Sources */,
				6A2C03E0284F2D1F00BA6C8A /* VCard.swift in Sources */,
				6A2C03D1284D0C0700BA6C8A /* SigninView.swift in Sources */,
				6A2C03A2284CE93500BA6C8A /* ContentView.swift in Sources */,
				6A2C03A0284CE93500BA6C8A /* RiveAnimationsApp.swift in Sources */,
				6A2C03DD284F2CE100BA6C8A /* CourseSection.swift in Sources */,
				6A2C03D5284DDB6300BA6C8A /* Extensions.swift in Sources */,
				6AA8151F284FAEB8008BAF06 /* MenuRow.swift in Sources */,
			);
			runOnlyForDeploymentPostprocessing = 0;
		};
/* End PBXSourcesBuildPhase section */

/* Begin XCBuildConfiguration section */
		6A2C03A8284CE93600BA6C8A /* Debug */ = {
			isa = XCBuildConfiguration;
			buildSettings = {
				ALWAYS_SEARCH_USER_PATHS = NO;
				CLANG_ANALYZER_NONNULL = YES;
				CLANG_ANALYZER_NUMBER_OBJECT_CONVERSION = YES_AGGRESSIVE;
				CLANG_CXX_LANGUAGE_STANDARD = "gnu++17";
				CLANG_ENABLE_MODULES = YES;
				CLANG_ENABLE_OBJC_ARC = YES;
				CLANG_ENABLE_OBJC_WEAK = YES;
				CLANG_WARN_BLOCK_CAPTURE_AUTORELEASING = YES;
				CLANG_WARN_BOOL_CONVERSION = YES;
				CLANG_WARN_COMMA = YES;
				CLANG_WARN_CONSTANT_CONVERSION = YES;
				CLANG_WARN_DEPRECATED_OBJC_IMPLEMENTATIONS = YES;
				CLANG_WARN_DIRECT_OBJC_ISA_USAGE = YES_ERROR;
				CLANG_WARN_DOCUMENTATION_COMMENTS = YES;
				CLANG_WARN_EMPTY_BODY = YES;
				CLANG_WARN_ENUM_CONVERSION = YES;
				CLANG_WARN_INFINITE_RECURSION = YES;
				CLANG_WARN_INT_CONVERSION = YES;
				CLANG_WARN_NON_LITERAL_NULL_CONVERSION = YES;
				CLANG_WARN_OBJC_IMPLICIT_RETAIN_SELF = YES;
				CLANG_WARN_OBJC_LITERAL_CONVERSION = YES;
				CLANG_WARN_OBJC_ROOT_CLASS = YES_ERROR;
				CLANG_WARN_QUOTED_INCLUDE_IN_FRAMEWORK_HEADER = YES;
				CLANG_WARN_RANGE_LOOP_ANALYSIS = YES;
				CLANG_WARN_STRICT_PROTOTYPES = YES;
				CLANG_WARN_SUSPICIOUS_MOVE = YES;
				CLANG_WARN_UNGUARDED_AVAILABILITY = YES_AGGRESSIVE;
				CLANG_WARN_UNREACHABLE_CODE = YES;
				CLANG_WARN__DUPLICATE_METHOD_MATCH = YES;
				COPY_PHASE_STRIP = NO;
				DEBUG_INFORMATION_FORMAT = dwarf;
				ENABLE_STRICT_OBJC_MSGSEND = YES;
				ENABLE_TESTABILITY = YES;
				GCC_C_LANGUAGE_STANDARD = gnu11;
				GCC_DYNAMIC_NO_PIC = NO;
				GCC_NO_COMMON_BLOCKS = YES;
				GCC_OPTIMIZATION_LEVEL = 0;
				GCC_PREPROCESSOR_DEFINITIONS = (
					"DEBUG=1",
					"$(inherited)",
				);
				GCC_WARN_64_TO_32_BIT_CONVERSION = YES;
				GCC_WARN_ABOUT_RETURN_TYPE = YES_ERROR;
				GCC_WARN_UNDECLARED_SELECTOR = YES;
				GCC_WARN_UNINITIALIZED_AUTOS = YES_AGGRESSIVE;
				GCC_WARN_UNUSED_FUNCTION = YES;
				GCC_WARN_UNUSED_VARIABLE = YES;
				IPHONEOS_DEPLOYMENT_TARGET = 15.5;
				MTL_ENABLE_DEBUG_INFO = INCLUDE_SOURCE;
				MTL_FAST_MATH = YES;
				ONLY_ACTIVE_ARCH = YES;
				SDKROOT = iphoneos;
				SWIFT_ACTIVE_COMPILATION_CONDITIONS = DEBUG;
				SWIFT_OPTIMIZATION_LEVEL = "-Onone";
			};
			name = Debug;
		};
		6A2C03A9284CE93600BA6C8A /* Release */ = {
			isa = XCBuildConfiguration;
			buildSettings = {
				ALWAYS_SEARCH_USER_PATHS = NO;
				CLANG_ANALYZER_NONNULL = YES;
				CLANG_ANALYZER_NUMBER_OBJECT_CONVERSION = YES_AGGRESSIVE;
				CLANG_CXX_LANGUAGE_STANDARD = "gnu++17";
				CLANG_ENABLE_MODULES = YES;
				CLANG_ENABLE_OBJC_ARC = YES;
				CLANG_ENABLE_OBJC_WEAK = YES;
				CLANG_WARN_BLOCK_CAPTURE_AUTORELEASING = YES;
				CLANG_WARN_BOOL_CONVERSION = YES;
				CLANG_WARN_COMMA = YES;
				CLANG_WARN_CONSTANT_CONVERSION = YES;
				CLANG_WARN_DEPRECATED_OBJC_IMPLEMENTATIONS = YES;
				CLANG_WARN_DIRECT_OBJC_ISA_USAGE = YES_ERROR;
				CLANG_WARN_DOCUMENTATION_COMMENTS = YES;
				CLANG_WARN_EMPTY_BODY = YES;
				CLANG_WARN_ENUM_CONVERSION = YES;
				CLANG_WARN_INFINITE_RECURSION = YES;
				CLANG_WARN_INT_CONVERSION = YES;
				CLANG_WARN_NON_LITERAL_NULL_CONVERSION = YES;
				CLANG_WARN_OBJC_IMPLICIT_RETAIN_SELF = YES;
				CLANG_WARN_OBJC_LITERAL_CONVERSION = YES;
				CLANG_WARN_OBJC_ROOT_CLASS = YES_ERROR;
				CLANG_WARN_QUOTED_INCLUDE_IN_FRAMEWORK_HEADER = YES;
				CLANG_WARN_RANGE_LOOP_ANALYSIS = YES;
				CLANG_WARN_STRICT_PROTOTYPES = YES;
				CLANG_WARN_SUSPICIOUS_MOVE = YES;
				CLANG_WARN_UNGUARDED_AVAILABILITY = YES_AGGRESSIVE;
				CLANG_WARN_UNREACHABLE_CODE = YES;
				CLANG_WARN__DUPLICATE_METHOD_MATCH = YES;
				COPY_PHASE_STRIP = NO;
				DEBUG_INFORMATION_FORMAT = "dwarf-with-dsym";
				ENABLE_NS_ASSERTIONS = NO;
				ENABLE_STRICT_OBJC_MSGSEND = YES;
				GCC_C_LANGUAGE_STANDARD = gnu11;
				GCC_NO_COMMON_BLOCKS = YES;
				GCC_WARN_64_TO_32_BIT_CONVERSION = YES;
				GCC_WARN_ABOUT_RETURN_TYPE = YES_ERROR;
				GCC_WARN_UNDECLARED_SELECTOR = YES;
				GCC_WARN_UNINITIALIZED_AUTOS = YES_AGGRESSIVE;
				GCC_WARN_UNUSED_FUNCTION = YES;
				GCC_WARN_UNUSED_VARIABLE = YES;
				IPHONEOS_DEPLOYMENT_TARGET = 15.5;
				MTL_ENABLE_DEBUG_INFO = NO;
				MTL_FAST_MATH = YES;
				SDKROOT = iphoneos;
				SWIFT_COMPILATION_MODE = wholemodule;
				SWIFT_OPTIMIZATION_LEVEL = "-O";
				VALIDATE_PRODUCT = YES;
			};
			name = Release;
		};
		6A2C03AB284CE93600BA6C8A /* Debug */ = {
			isa = XCBuildConfiguration;
			buildSettings = {
				ASSETCATALOG_COMPILER_APPICON_NAME = AppIcon;
				ASSETCATALOG_COMPILER_GLOBAL_ACCENT_COLOR_NAME = AccentColor;
				CODE_SIGN_STYLE = Automatic;
				CURRENT_PROJECT_VERSION = 1;
				DEVELOPMENT_ASSET_PATHS = "\"RiveAnimations/Preview Content\"";
				DEVELOPMENT_TEAM = 8K52FAQ674;
				ENABLE_PREVIEWS = YES;
				GENERATE_INFOPLIST_FILE = YES;
				INFOPLIST_FILE = RiveAnimations/Info.plist;
				INFOPLIST_KEY_UIApplicationSceneManifest_Generation = YES;
				INFOPLIST_KEY_UIApplicationSupportsIndirectInputEvents = YES;
				INFOPLIST_KEY_UILaunchScreen_Generation = YES;
				INFOPLIST_KEY_UISupportedInterfaceOrientations_iPad = "UIInterfaceOrientationPortrait UIInterfaceOrientationPortraitUpsideDown UIInterfaceOrientationLandscapeLeft UIInterfaceOrientationLandscapeRight";
				INFOPLIST_KEY_UISupportedInterfaceOrientations_iPhone = "UIInterfaceOrientationPortrait UIInterfaceOrientationLandscapeLeft UIInterfaceOrientationLandscapeRight";
				LD_RUNPATH_SEARCH_PATHS = (
					"$(inherited)",
					"@executable_path/Frameworks",
				);
				MARKETING_VERSION = 1.0;
				PRODUCT_BUNDLE_IDENTIFIER = main.RiveAnimations;
				PRODUCT_NAME = "$(TARGET_NAME)";
				SWIFT_EMIT_LOC_STRINGS = YES;
				SWIFT_VERSION = 5.0;
				TARGETED_DEVICE_FAMILY = "1,2";
			};
			name = Debug;
		};
		6A2C03AC284CE93600BA6C8A /* Release */ = {
			isa = XCBuildConfiguration;
			buildSettings = {
				ASSETCATALOG_COMPILER_APPICON_NAME = AppIcon;
				ASSETCATALOG_COMPILER_GLOBAL_ACCENT_COLOR_NAME = AccentColor;
				CODE_SIGN_STYLE = Automatic;
				CURRENT_PROJECT_VERSION = 1;
				DEVELOPMENT_ASSET_PATHS = "\"RiveAnimations/Preview Content\"";
				DEVELOPMENT_TEAM = 8K52FAQ674;
				ENABLE_PREVIEWS = YES;
				GENERATE_INFOPLIST_FILE = YES;
				INFOPLIST_FILE = RiveAnimations/Info.plist;
				INFOPLIST_KEY_UIApplicationSceneManifest_Generation = YES;
				INFOPLIST_KEY_UIApplicationSupportsIndirectInputEvents = YES;
				INFOPLIST_KEY_UILaunchScreen_Generation = YES;
				INFOPLIST_KEY_UISupportedInterfaceOrientations_iPad = "UIInterfaceOrientationPortrait UIInterfaceOrientationPortraitUpsideDown UIInterfaceOrientationLandscapeLeft UIInterfaceOrientationLandscapeRight";
				INFOPLIST_KEY_UISupportedInterfaceOrientations_iPhone = "UIInterfaceOrientationPortrait UIInterfaceOrientationLandscapeLeft UIInterfaceOrientationLandscapeRight";
				LD_RUNPATH_SEARCH_PATHS = (
					"$(inherited)",
					"@executable_path/Frameworks",
				);
				MARKETING_VERSION = 1.0;
				PRODUCT_BUNDLE_IDENTIFIER = main.RiveAnimations;
				PRODUCT_NAME = "$(TARGET_NAME)";
				SWIFT_EMIT_LOC_STRINGS = YES;
				SWIFT_VERSION = 5.0;
				TARGETED_DEVICE_FAMILY = "1,2";
			};
			name = Release;
		};
/* End XCBuildConfiguration section */

/* Begin XCConfigurationList section */
		6A2C0397284CE93500BA6C8A /* Build configuration list for PBXProject "RiveAnimations" */ = {
			isa = XCConfigurationList;
			buildConfigurations = (
				6A2C03A8284CE93600BA6C8A /* Debug */,
				6A2C03A9284CE93600BA6C8A /* Release */,
			);
			defaultConfigurationIsVisible = 0;
			defaultConfigurationName = Release;
		};
		6A2C03AA284CE93600BA6C8A /* Build configuration list for PBXNativeTarget "RiveAnimations" */ = {
			isa = XCConfigurationList;
			buildConfigurations = (
				6A2C03AB284CE93600BA6C8A /* Debug */,
				6A2C03AC284CE93600BA6C8A /* Release */,
			);
			defaultConfigurationIsVisible = 0;
			defaultConfigurationName = Release;
		};
/* End XCConfigurationList section */

/* Begin XCRemoteSwiftPackageReference section */
		6A2C03BC284CEA3200BA6C8A /* XCRemoteSwiftPackageReference "rive-ios" */ = {
			isa = XCRemoteSwiftPackageReference;
			repositoryURL = "https://github.com/rive-app/rive-ios";
			requirement = {
				branch = main;
				kind = branch;
			};
		};
/* End XCRemoteSwiftPackageReference section */

/* Begin XCSwiftPackageProductDependency section */
		6A2C03BD284CEA3200BA6C8A /* RiveRuntime */ = {
			isa = XCSwiftPackageProductDependency;
			package = 6A2C03BC284CEA3200BA6C8A /* XCRemoteSwiftPackageReference "rive-ios" */;
			productName = RiveRuntime;
		};
/* End XCSwiftPackageProductDependency section */
	};
	rootObject = 6A2C0394284CE93500BA6C8A /* Project object */;
}
